
Microsoft Visual Studio Solution File, Format Version 12.00
# Visual Studio Version 16
VisualStudioVersion = 16.0.31424.327
MinimumVisualStudioVersion = 10.0.40219.1
Project("{FAE04EC0-301F-11D3-BF4B-00C04F79EFBC}") = "ArmClothesDesktop", "ArmClothesDesktop\ArmClothesDesktop.csproj", "{332B00F4-B1CD-4CC8-B380-1C19D4765560}"
EndProject
Global
	GlobalSection(SolutionConfigurationPlatforms) = preSolution
		Debug|Any CPU = Debug|Any CPU
		Release|Any CPU = Release|Any CPU
	EndGlobalSection
	GlobalSection(ProjectConfigurationPlatforms) = postSolution
		{332B00F4-B1CD-4CC8-B380-1C19D4765560}.Debug|Any CPU.ActiveCfg = Debug|Any CPU
		{332B00F4-B1CD-4CC8-B380-1C19D4765560}.Debug|Any CPU.Build.0 = Debug|Any CPU
		{332B00F4-B1CD-4CC8-B380-1C19D4765560}.Release|Any CPU.ActiveCfg = Release|Any CPU
		{332B00F4-B1CD-4CC8-B380-1C19D4765560}.Release|Any CPU.Build.0 = Release|Any CPU
	EndGlobalSection
	GlobalSection(SolutionProperties) = preSolution
		HideSolutionNode = FALSE
	EndGlobalSection
	GlobalSection(ExtensibilityGlobals) = postSolution
		SolutionGuid = {D39A2703-8D12-4C48-BC69-7A1752E0D7A3}
	EndGlobalSection
EndGlobal
